// !$*UTF8*$!
{
	archiveVersion = 1;
	classes = {
	};
	objectVersion = 56;
	objects = {

/* Begin PBXBuildFile section */
		DAF0585E29873B0C00FDBBA1 /* AppDelegate.swift in Sources */ = {isa = PBXBuildFile; fileRef = DAF0585D29873B0C00FDBBA1 /* AppDelegate.swift */; };
		DAF0586029873B0C00FDBBA1 /* SceneDelegate.swift in Sources */ = {isa = PBXBuildFile; fileRef = DAF0585F29873B0C00FDBBA1 /* SceneDelegate.swift */; };
		DAF0586729873B0C00FDBBA1 /* Assets.xcassets in Resources */ = {isa = PBXBuildFile; fileRef = DAF0586629873B0C00FDBBA1 /* Assets.xcassets */; };
		DAF0586A29873B0C00FDBBA1 /* LaunchScreen.storyboard in Resources */ = {isa = PBXBuildFile; fileRef = DAF0586829873B0C00FDBBA1 /* LaunchScreen.storyboard */; };
		DAF0587529873B0C00FDBBA1 /* ZeeTests.swift in Sources */ = {isa = PBXBuildFile; fileRef = DAF0587429873B0C00FDBBA1 /* ZeeTests.swift */; };
		DAF0589029873BAE00FDBBA1 /* RootRouter.swift in Sources */ = {isa = PBXBuildFile; fileRef = DAF0588F29873BAE00FDBBA1 /* RootRouter.swift */; };
		DAF0589329873CD000FDBBA1 /* HTTPClient.swift in Sources */ = {isa = PBXBuildFile; fileRef = DAF0589229873CD000FDBBA1 /* HTTPClient.swift */; };
		DAF0589529873CF000FDBBA1 /* ServiceEndpoint.swift in Sources */ = {isa = PBXBuildFile; fileRef = DAF0589429873CF000FDBBA1 /* ServiceEndpoint.swift */; };
		DAF0589929873D3400FDBBA1 /* NetworkMockTests.swift in Sources */ = {isa = PBXBuildFile; fileRef = DAF0589829873D3400FDBBA1 /* NetworkMockTests.swift */; };
		DAF0589B29873D5F00FDBBA1 /* NetworkTests.swift in Sources */ = {isa = PBXBuildFile; fileRef = DAF0589A29873D5F00FDBBA1 /* NetworkTests.swift */; };
		DAF0589E29873E5000FDBBA1 /* Post.swift in Sources */ = {isa = PBXBuildFile; fileRef = DAF0589D29873E5000FDBBA1 /* Post.swift */; };
		DAF058A029873E5700FDBBA1 /* Comment.swift in Sources */ = {isa = PBXBuildFile; fileRef = DAF0589F29873E5700FDBBA1 /* Comment.swift */; };
		DAF058A229873EFB00FDBBA1 /* User.swift in Sources */ = {isa = PBXBuildFile; fileRef = DAF058A129873EFB00FDBBA1 /* User.swift */; };
		DAF058A62987412B00FDBBA1 /* PostEndpoint.swift in Sources */ = {isa = PBXBuildFile; fileRef = DAF058A52987412B00FDBBA1 /* PostEndpoint.swift */; };
		DAF058A82987413D00FDBBA1 /* PostService.swift in Sources */ = {isa = PBXBuildFile; fileRef = DAF058A72987413D00FDBBA1 /* PostService.swift */; };
		DAF058AE2987443C00FDBBA1 /* PostListRouter.swift in Sources */ = {isa = PBXBuildFile; fileRef = DAF058AD2987443C00FDBBA1 /* PostListRouter.swift */; };
		DAF058B02987444B00FDBBA1 /* PostListViewController.swift in Sources */ = {isa = PBXBuildFile; fileRef = DAF058AF2987444B00FDBBA1 /* PostListViewController.swift */; };
		DAF058B22987445900FDBBA1 /* PostListTableViewCell.swift in Sources */ = {isa = PBXBuildFile; fileRef = DAF058B12987445900FDBBA1 /* PostListTableViewCell.swift */; };
		DAF058B42987446D00FDBBA1 /* PostListViewModel.swift in Sources */ = {isa = PBXBuildFile; fileRef = DAF058B32987446D00FDBBA1 /* PostListViewModel.swift */; };
		DAF058B7298748C800FDBBA1 /* UIFontExtensions.swift in Sources */ = {isa = PBXBuildFile; fileRef = DAF058B6298748C800FDBBA1 /* UIFontExtensions.swift */; };
		DAF058B929874C3F00FDBBA1 /* UITableViewExtensions.swift in Sources */ = {isa = PBXBuildFile; fileRef = DAF058B829874C3F00FDBBA1 /* UITableViewExtensions.swift */; };
		DAF058BB29874F8F00FDBBA1 /* UIActivityIndicatorExtension.swift in Sources */ = {isa = PBXBuildFile; fileRef = DAF058BA29874F8F00FDBBA1 /* UIActivityIndicatorExtension.swift */; };
		DAF058BD29874FD100FDBBA1 /* UIViewExtensions.swift in Sources */ = {isa = PBXBuildFile; fileRef = DAF058BC29874FD100FDBBA1 /* UIViewExtensions.swift */; };
		DAF058C129880F6100FDBBA1 /* UserEndpoint.swift in Sources */ = {isa = PBXBuildFile; fileRef = DAF058C029880F6100FDBBA1 /* UserEndpoint.swift */; };
		DAF058C329880F6D00FDBBA1 /* CommentEndpoint.swift in Sources */ = {isa = PBXBuildFile; fileRef = DAF058C229880F6D00FDBBA1 /* CommentEndpoint.swift */; };
		DAF058C529880F7700FDBBA1 /* UserService.swift in Sources */ = {isa = PBXBuildFile; fileRef = DAF058C429880F7700FDBBA1 /* UserService.swift */; };
		DAF058C829880F9300FDBBA1 /* CommentService.swift in Sources */ = {isa = PBXBuildFile; fileRef = DAF058C729880F9300FDBBA1 /* CommentService.swift */; };
		DAF058CF2988183B00FDBBA1 /* PostDetailsRouter.swift in Sources */ = {isa = PBXBuildFile; fileRef = DAF058CE2988183B00FDBBA1 /* PostDetailsRouter.swift */; };
		DAF058D12988184500FDBBA1 /* PostDetailsViewModel.swift in Sources */ = {isa = PBXBuildFile; fileRef = DAF058D02988184500FDBBA1 /* PostDetailsViewModel.swift */; };
		DAF058D32988185500FDBBA1 /* PostDetailsViewController.swift in Sources */ = {isa = PBXBuildFile; fileRef = DAF058D22988185500FDBBA1 /* PostDetailsViewController.swift */; };
		DAF058D52988186300FDBBA1 /* UserInfoView.swift in Sources */ = {isa = PBXBuildFile; fileRef = DAF058D42988186300FDBBA1 /* UserInfoView.swift */; };
		DAF058D72988186E00FDBBA1 /* CommentsView.swift in Sources */ = {isa = PBXBuildFile; fileRef = DAF058D62988186E00FDBBA1 /* CommentsView.swift */; };
		DAF058D92988188400FDBBA1 /* PostDetailsView.swift in Sources */ = {isa = PBXBuildFile; fileRef = DAF058D82988188400FDBBA1 /* PostDetailsView.swift */; };
		DAF058DB29887BF400FDBBA1 /* CommentTableViewCell.swift in Sources */ = {isa = PBXBuildFile; fileRef = DAF058DA29887BF400FDBBA1 /* CommentTableViewCell.swift */; };
		DAF058DD2988845700FDBBA1 /* StringExtension.swift in Sources */ = {isa = PBXBuildFile; fileRef = DAF058DC2988845700FDBBA1 /* StringExtension.swift */; };
		DAF058E22989C05700FDBBA1 /* FavoritesService.swift in Sources */ = {isa = PBXBuildFile; fileRef = DAF058E12989C05700FDBBA1 /* FavoritesService.swift */; };
		DAF059182989CEBB00FDBBA1 /* DeletedService.swift in Sources */ = {isa = PBXBuildFile; fileRef = DAF059172989CEBB00FDBBA1 /* DeletedService.swift */; };
		DAF0591B298B09F300FDBBA1 /* LocalClient.swift in Sources */ = {isa = PBXBuildFile; fileRef = DAF0591A298B09F300FDBBA1 /* LocalClient.swift */; };
		DAF0591F298C3DE000FDBBA1 /* Posts.json in Resources */ = {isa = PBXBuildFile; fileRef = DAF0591E298C3DE000FDBBA1 /* Posts.json */; };
		DAF05921298C3DEC00FDBBA1 /* Comments.json in Resources */ = {isa = PBXBuildFile; fileRef = DAF05920298C3DEC00FDBBA1 /* Comments.json */; };
		DAF05923298C3DFC00FDBBA1 /* User.json in Resources */ = {isa = PBXBuildFile; fileRef = DAF05922298C3DFC00FDBBA1 /* User.json */; };
		DAF05926298C3E9E00FDBBA1 /* JsonLoader.swift in Sources */ = {isa = PBXBuildFile; fileRef = DAF05925298C3E9E00FDBBA1 /* JsonLoader.swift */; };
		DAF05929298C428600FDBBA1 /* LocalCacheTests.swift in Sources */ = {isa = PBXBuildFile; fileRef = DAF05928298C428600FDBBA1 /* LocalCacheTests.swift */; };
		DAF0592B298C503F00FDBBA1 /* FavoritesServiceTest.swift in Sources */ = {isa = PBXBuildFile; fileRef = DAF0592A298C503F00FDBBA1 /* FavoritesServiceTest.swift */; };
		DAF0592E298C50D300FDBBA1 /* PostFixtures.swift in Sources */ = {isa = PBXBuildFile; fileRef = DAF0592D298C50D300FDBBA1 /* PostFixtures.swift */; };
		DAF05930298C535000FDBBA1 /* DeleteServicesTests.swift in Sources */ = {isa = PBXBuildFile; fileRef = DAF0592F298C535000FDBBA1 /* DeleteServicesTests.swift */; };
		DAF05933298C5CB400FDBBA1 /* PostListViewModelTests.swift in Sources */ = {isa = PBXBuildFile; fileRef = DAF05932298C5CB400FDBBA1 /* PostListViewModelTests.swift */; };
		DAF05935298C5D5100FDBBA1 /* PostListSpies.swift in Sources */ = {isa = PBXBuildFile; fileRef = DAF05934298C5D5100FDBBA1 /* PostListSpies.swift */; };
		DAF05939298C65CD00FDBBA1 /* PostDetailsViewModelTests.swift in Sources */ = {isa = PBXBuildFile; fileRef = DAF05938298C65CD00FDBBA1 /* PostDetailsViewModelTests.swift */; };
		DAF0593B298C660E00FDBBA1 /* PostDetailsSpies.swift in Sources */ = {isa = PBXBuildFile; fileRef = DAF0593A298C660E00FDBBA1 /* PostDetailsSpies.swift */; };
		DAF0593D298C667500FDBBA1 /* UserFixtures.swift in Sources */ = {isa = PBXBuildFile; fileRef = DAF0593C298C667500FDBBA1 /* UserFixtures.swift */; };
		DAF0593F298C667F00FDBBA1 /* CommentsFixtures.swift in Sources */ = {isa = PBXBuildFile; fileRef = DAF0593E298C667F00FDBBA1 /* CommentsFixtures.swift */; };
		DAF05942298C6D7E00FDBBA1 /* UIFontExtensionTests.swift in Sources */ = {isa = PBXBuildFile; fileRef = DAF05941298C6D7E00FDBBA1 /* UIFontExtensionTests.swift */; };
		DAF05944298C705900FDBBA1 /* StringExtensionTests.swift in Sources */ = {isa = PBXBuildFile; fileRef = DAF05943298C705900FDBBA1 /* StringExtensionTests.swift */; };
		DAF05946298C72C100FDBBA1 /* APIServicesTests.swift in Sources */ = {isa = PBXBuildFile; fileRef = DAF05945298C72C100FDBBA1 /* APIServicesTests.swift */; };
/* End PBXBuildFile section */

/* Begin PBXContainerItemProxy section */
		DAF0587129873B0C00FDBBA1 /* PBXContainerItemProxy */ = {
			isa = PBXContainerItemProxy;
			containerPortal = DAF0585229873B0C00FDBBA1 /* Project object */;
			proxyType = 1;
			remoteGlobalIDString = DAF0585929873B0C00FDBBA1;
			remoteInfo = Zee;
		};
/* End PBXContainerItemProxy section */

/* Begin PBXFileReference section */
		DAF0585A29873B0C00FDBBA1 /* Zee.app */ = {isa = PBXFileReference; explicitFileType = wrapper.application; includeInIndex = 0; path = Zee.app; sourceTree = BUILT_PRODUCTS_DIR; };
		DAF0585D29873B0C00FDBBA1 /* AppDelegate.swift */ = {isa = PBXFileReference; lastKnownFileType = sourcecode.swift; path = AppDelegate.swift; sourceTree = "<group>"; };
		DAF0585F29873B0C00FDBBA1 /* SceneDelegate.swift */ = {isa = PBXFileReference; lastKnownFileType = sourcecode.swift; path = SceneDelegate.swift; sourceTree = "<group>"; };
		DAF0586629873B0C00FDBBA1 /* Assets.xcassets */ = {isa = PBXFileReference; lastKnownFileType = folder.assetcatalog; path = Assets.xcassets; sourceTree = "<group>"; };
		DAF0586929873B0C00FDBBA1 /* Base */ = {isa = PBXFileReference; lastKnownFileType = file.storyboard; name = Base; path = Base.lproj/LaunchScreen.storyboard; sourceTree = "<group>"; };
		DAF0586B29873B0C00FDBBA1 /* Info.plist */ = {isa = PBXFileReference; lastKnownFileType = text.plist.xml; path = Info.plist; sourceTree = "<group>"; };
		DAF0587029873B0C00FDBBA1 /* ZeeTests.xctest */ = {isa = PBXFileReference; explicitFileType = wrapper.cfbundle; includeInIndex = 0; path = ZeeTests.xctest; sourceTree = BUILT_PRODUCTS_DIR; };
		DAF0587429873B0C00FDBBA1 /* ZeeTests.swift */ = {isa = PBXFileReference; lastKnownFileType = sourcecode.swift; path = ZeeTests.swift; sourceTree = "<group>"; };
		DAF0588F29873BAE00FDBBA1 /* RootRouter.swift */ = {isa = PBXFileReference; lastKnownFileType = sourcecode.swift; path = RootRouter.swift; sourceTree = "<group>"; };
		DAF0589229873CD000FDBBA1 /* HTTPClient.swift */ = {isa = PBXFileReference; lastKnownFileType = sourcecode.swift; path = HTTPClient.swift; sourceTree = "<group>"; };
		DAF0589429873CF000FDBBA1 /* ServiceEndpoint.swift */ = {isa = PBXFileReference; lastKnownFileType = sourcecode.swift; path = ServiceEndpoint.swift; sourceTree = "<group>"; };
		DAF0589829873D3400FDBBA1 /* NetworkMockTests.swift */ = {isa = PBXFileReference; lastKnownFileType = sourcecode.swift; path = NetworkMockTests.swift; sourceTree = "<group>"; };
		DAF0589A29873D5F00FDBBA1 /* NetworkTests.swift */ = {isa = PBXFileReference; lastKnownFileType = sourcecode.swift; path = NetworkTests.swift; sourceTree = "<group>"; };
		DAF0589D29873E5000FDBBA1 /* Post.swift */ = {isa = PBXFileReference; lastKnownFileType = sourcecode.swift; path = Post.swift; sourceTree = "<group>"; };
		DAF0589F29873E5700FDBBA1 /* Comment.swift */ = {isa = PBXFileReference; lastKnownFileType = sourcecode.swift; path = Comment.swift; sourceTree = "<group>"; };
		DAF058A129873EFB00FDBBA1 /* User.swift */ = {isa = PBXFileReference; lastKnownFileType = sourcecode.swift; path = User.swift; sourceTree = "<group>"; };
		DAF058A52987412B00FDBBA1 /* PostEndpoint.swift */ = {isa = PBXFileReference; lastKnownFileType = sourcecode.swift; path = PostEndpoint.swift; sourceTree = "<group>"; };
		DAF058A72987413D00FDBBA1 /* PostService.swift */ = {isa = PBXFileReference; lastKnownFileType = sourcecode.swift; path = PostService.swift; sourceTree = "<group>"; };
		DAF058AD2987443C00FDBBA1 /* PostListRouter.swift */ = {isa = PBXFileReference; lastKnownFileType = sourcecode.swift; path = PostListRouter.swift; sourceTree = "<group>"; };
		DAF058AF2987444B00FDBBA1 /* PostListViewController.swift */ = {isa = PBXFileReference; lastKnownFileType = sourcecode.swift; path = PostListViewController.swift; sourceTree = "<group>"; };
		DAF058B12987445900FDBBA1 /* PostListTableViewCell.swift */ = {isa = PBXFileReference; lastKnownFileType = sourcecode.swift; path = PostListTableViewCell.swift; sourceTree = "<group>"; };
		DAF058B32987446D00FDBBA1 /* PostListViewModel.swift */ = {isa = PBXFileReference; lastKnownFileType = sourcecode.swift; path = PostListViewModel.swift; sourceTree = "<group>"; };
		DAF058B6298748C800FDBBA1 /* UIFontExtensions.swift */ = {isa = PBXFileReference; lastKnownFileType = sourcecode.swift; path = UIFontExtensions.swift; sourceTree = "<group>"; };
		DAF058B829874C3F00FDBBA1 /* UITableViewExtensions.swift */ = {isa = PBXFileReference; lastKnownFileType = sourcecode.swift; path = UITableViewExtensions.swift; sourceTree = "<group>"; };
		DAF058BA29874F8F00FDBBA1 /* UIActivityIndicatorExtension.swift */ = {isa = PBXFileReference; lastKnownFileType = sourcecode.swift; path = UIActivityIndicatorExtension.swift; sourceTree = "<group>"; };
		DAF058BC29874FD100FDBBA1 /* UIViewExtensions.swift */ = {isa = PBXFileReference; lastKnownFileType = sourcecode.swift; path = UIViewExtensions.swift; sourceTree = "<group>"; };
		DAF058C029880F6100FDBBA1 /* UserEndpoint.swift */ = {isa = PBXFileReference; lastKnownFileType = sourcecode.swift; path = UserEndpoint.swift; sourceTree = "<group>"; };
		DAF058C229880F6D00FDBBA1 /* CommentEndpoint.swift */ = {isa = PBXFileReference; lastKnownFileType = sourcecode.swift; path = CommentEndpoint.swift; sourceTree = "<group>"; };
		DAF058C429880F7700FDBBA1 /* UserService.swift */ = {isa = PBXFileReference; lastKnownFileType = sourcecode.swift; path = UserService.swift; sourceTree = "<group>"; };
		DAF058C729880F9300FDBBA1 /* CommentService.swift */ = {isa = PBXFileReference; lastKnownFileType = sourcecode.swift; path = CommentService.swift; sourceTree = "<group>"; };
		DAF058CE2988183B00FDBBA1 /* PostDetailsRouter.swift */ = {isa = PBXFileReference; lastKnownFileType = sourcecode.swift; path = PostDetailsRouter.swift; sourceTree = "<group>"; };
		DAF058D02988184500FDBBA1 /* PostDetailsViewModel.swift */ = {isa = PBXFileReference; lastKnownFileType = sourcecode.swift; path = PostDetailsViewModel.swift; sourceTree = "<group>"; };
		DAF058D22988185500FDBBA1 /* PostDetailsViewController.swift */ = {isa = PBXFileReference; lastKnownFileType = sourcecode.swift; path = PostDetailsViewController.swift; sourceTree = "<group>"; };
		DAF058D42988186300FDBBA1 /* UserInfoView.swift */ = {isa = PBXFileReference; lastKnownFileType = sourcecode.swift; path = UserInfoView.swift; sourceTree = "<group>"; };
		DAF058D62988186E00FDBBA1 /* CommentsView.swift */ = {isa = PBXFileReference; lastKnownFileType = sourcecode.swift; path = CommentsView.swift; sourceTree = "<group>"; };
		DAF058D82988188400FDBBA1 /* PostDetailsView.swift */ = {isa = PBXFileReference; lastKnownFileType = sourcecode.swift; path = PostDetailsView.swift; sourceTree = "<group>"; };
		DAF058DA29887BF400FDBBA1 /* CommentTableViewCell.swift */ = {isa = PBXFileReference; lastKnownFileType = sourcecode.swift; path = CommentTableViewCell.swift; sourceTree = "<group>"; };
		DAF058DC2988845700FDBBA1 /* StringExtension.swift */ = {isa = PBXFileReference; lastKnownFileType = sourcecode.swift; path = StringExtension.swift; sourceTree = "<group>"; };
		DAF058E12989C05700FDBBA1 /* FavoritesService.swift */ = {isa = PBXFileReference; lastKnownFileType = sourcecode.swift; path = FavoritesService.swift; sourceTree = "<group>"; };
		DAF059172989CEBB00FDBBA1 /* DeletedService.swift */ = {isa = PBXFileReference; lastKnownFileType = sourcecode.swift; path = DeletedService.swift; sourceTree = "<group>"; };
		DAF0591A298B09F300FDBBA1 /* LocalClient.swift */ = {isa = PBXFileReference; lastKnownFileType = sourcecode.swift; path = LocalClient.swift; sourceTree = "<group>"; };
		DAF0591E298C3DE000FDBBA1 /* Posts.json */ = {isa = PBXFileReference; lastKnownFileType = text.json; path = Posts.json; sourceTree = "<group>"; };
		DAF05920298C3DEC00FDBBA1 /* Comments.json */ = {isa = PBXFileReference; lastKnownFileType = text.json; path = Comments.json; sourceTree = "<group>"; };
		DAF05922298C3DFC00FDBBA1 /* User.json */ = {isa = PBXFileReference; lastKnownFileType = text.json; path = User.json; sourceTree = "<group>"; };
		DAF05925298C3E9E00FDBBA1 /* JsonLoader.swift */ = {isa = PBXFileReference; lastKnownFileType = sourcecode.swift; path = JsonLoader.swift; sourceTree = "<group>"; };
		DAF05928298C428600FDBBA1 /* LocalCacheTests.swift */ = {isa = PBXFileReference; lastKnownFileType = sourcecode.swift; path = LocalCacheTests.swift; sourceTree = "<group>"; };
		DAF0592A298C503F00FDBBA1 /* FavoritesServiceTest.swift */ = {isa = PBXFileReference; lastKnownFileType = sourcecode.swift; path = FavoritesServiceTest.swift; sourceTree = "<group>"; };
		DAF0592D298C50D300FDBBA1 /* PostFixtures.swift */ = {isa = PBXFileReference; lastKnownFileType = sourcecode.swift; path = PostFixtures.swift; sourceTree = "<group>"; };
		DAF0592F298C535000FDBBA1 /* DeleteServicesTests.swift */ = {isa = PBXFileReference; lastKnownFileType = sourcecode.swift; path = DeleteServicesTests.swift; sourceTree = "<group>"; };
		DAF05932298C5CB400FDBBA1 /* PostListViewModelTests.swift */ = {isa = PBXFileReference; lastKnownFileType = sourcecode.swift; path = PostListViewModelTests.swift; sourceTree = "<group>"; };
		DAF05934298C5D5100FDBBA1 /* PostListSpies.swift */ = {isa = PBXFileReference; lastKnownFileType = sourcecode.swift; path = PostListSpies.swift; sourceTree = "<group>"; };
		DAF05938298C65CD00FDBBA1 /* PostDetailsViewModelTests.swift */ = {isa = PBXFileReference; lastKnownFileType = sourcecode.swift; path = PostDetailsViewModelTests.swift; sourceTree = "<group>"; };
		DAF0593A298C660E00FDBBA1 /* PostDetailsSpies.swift */ = {isa = PBXFileReference; lastKnownFileType = sourcecode.swift; path = PostDetailsSpies.swift; sourceTree = "<group>"; };
		DAF0593C298C667500FDBBA1 /* UserFixtures.swift */ = {isa = PBXFileReference; lastKnownFileType = sourcecode.swift; path = UserFixtures.swift; sourceTree = "<group>"; };
		DAF0593E298C667F00FDBBA1 /* CommentsFixtures.swift */ = {isa = PBXFileReference; lastKnownFileType = sourcecode.swift; path = CommentsFixtures.swift; sourceTree = "<group>"; };
		DAF05941298C6D7E00FDBBA1 /* UIFontExtensionTests.swift */ = {isa = PBXFileReference; lastKnownFileType = sourcecode.swift; path = UIFontExtensionTests.swift; sourceTree = "<group>"; };
		DAF05943298C705900FDBBA1 /* StringExtensionTests.swift */ = {isa = PBXFileReference; lastKnownFileType = sourcecode.swift; path = StringExtensionTests.swift; sourceTree = "<group>"; };
		DAF05945298C72C100FDBBA1 /* APIServicesTests.swift */ = {isa = PBXFileReference; lastKnownFileType = sourcecode.swift; path = APIServicesTests.swift; sourceTree = "<group>"; };
/* End PBXFileReference section */

/* Begin PBXFrameworksBuildPhase section */
		DAF0585729873B0C00FDBBA1 /* Frameworks */ = {
			isa = PBXFrameworksBuildPhase;
			buildActionMask = 2147483647;
			files = (
			);
			runOnlyForDeploymentPostprocessing = 0;
		};
		DAF0586D29873B0C00FDBBA1 /* Frameworks */ = {
			isa = PBXFrameworksBuildPhase;
			buildActionMask = 2147483647;
			files = (
			);
			runOnlyForDeploymentPostprocessing = 0;
		};
/* End PBXFrameworksBuildPhase section */

/* Begin PBXGroup section */
		DAF0585129873B0C00FDBBA1 = {
			isa = PBXGroup;
			children = (
				DAF0585C29873B0C00FDBBA1 /* Zee */,
				DAF0587329873B0C00FDBBA1 /* ZeeTests */,
				DAF0585B29873B0C00FDBBA1 /* Products */,
			);
			sourceTree = "<group>";
		};
		DAF0585B29873B0C00FDBBA1 /* Products */ = {
			isa = PBXGroup;
			children = (
				DAF0585A29873B0C00FDBBA1 /* Zee.app */,
				DAF0587029873B0C00FDBBA1 /* ZeeTests.xctest */,
			);
			name = Products;
			sourceTree = "<group>";
		};
		DAF0585C29873B0C00FDBBA1 /* Zee */ = {
			isa = PBXGroup;
			children = (
				DAF058B5298748B600FDBBA1 /* Extensions */,
				DAF058A3298740E700FDBBA1 /* Services */,
				DAF0589C29873E4800FDBBA1 /* Models */,
				DAF05919298B09CD00FDBBA1 /* LocalCache */,
				DAF0589129873CBC00FDBBA1 /* Network */,
				DAF0588D29873B9300FDBBA1 /* Modules */,
				DAF0585D29873B0C00FDBBA1 /* AppDelegate.swift */,
				DAF0585F29873B0C00FDBBA1 /* SceneDelegate.swift */,
				DAF0586629873B0C00FDBBA1 /* Assets.xcassets */,
				DAF0586829873B0C00FDBBA1 /* LaunchScreen.storyboard */,
				DAF0586B29873B0C00FDBBA1 /* Info.plist */,
			);
			path = Zee;
			sourceTree = "<group>";
		};
		DAF0587329873B0C00FDBBA1 /* ZeeTests */ = {
			isa = PBXGroup;
			children = (
				DAF05940298C6D5A00FDBBA1 /* ExtensionsTest */,
				DAF05931298C5BA200FDBBA1 /* Modules */,
				DAF0592C298C50C400FDBBA1 /* Fixtures */,
				DAF05927298C427200FDBBA1 /* LocalCacheTests */,
				DAF05924298C3E8B00FDBBA1 /* Utils */,
				DAF0591D298C3DBF00FDBBA1 /* MockedJsons */,
				DAF0591C298C38EE00FDBBA1 /* Services */,
				DAF0589629873D1100FDBBA1 /* NetworkTests */,
				DAF0587429873B0C00FDBBA1 /* ZeeTests.swift */,
			);
			path = ZeeTests;
			sourceTree = "<group>";
		};
		DAF0588D29873B9300FDBBA1 /* Modules */ = {
			isa = PBXGroup;
			children = (
				DAF058C9298816D400FDBBA1 /* PostDetails */,
				DAF058A9298743EC00FDBBA1 /* PostList */,
				DAF0588E29873B9E00FDBBA1 /* Root */,
			);
			path = Modules;
			sourceTree = "<group>";
		};
		DAF0588E29873B9E00FDBBA1 /* Root */ = {
			isa = PBXGroup;
			children = (
				DAF0588F29873BAE00FDBBA1 /* RootRouter.swift */,
			);
			path = Root;
			sourceTree = "<group>";
		};
		DAF0589129873CBC00FDBBA1 /* Network */ = {
			isa = PBXGroup;
			children = (
				DAF0589229873CD000FDBBA1 /* HTTPClient.swift */,
				DAF0589429873CF000FDBBA1 /* ServiceEndpoint.swift */,
			);
			path = Network;
			sourceTree = "<group>";
		};
		DAF0589629873D1100FDBBA1 /* NetworkTests */ = {
			isa = PBXGroup;
			children = (
				DAF0589829873D3400FDBBA1 /* NetworkMockTests.swift */,
				DAF0589A29873D5F00FDBBA1 /* NetworkTests.swift */,
			);
			path = NetworkTests;
			sourceTree = "<group>";
		};
		DAF0589C29873E4800FDBBA1 /* Models */ = {
			isa = PBXGroup;
			children = (
				DAF0589D29873E5000FDBBA1 /* Post.swift */,
				DAF0589F29873E5700FDBBA1 /* Comment.swift */,
				DAF058A129873EFB00FDBBA1 /* User.swift */,
			);
			path = Models;
			sourceTree = "<group>";
		};
		DAF058A3298740E700FDBBA1 /* Services */ = {
			isa = PBXGroup;
			children = (
				DAF059162989CEAD00FDBBA1 /* DeletedService */,
				DAF058E02989C04000FDBBA1 /* FavoritesService */,
				DAF058BF29880DD900FDBBA1 /* UserService */,
				DAF058BE29880DD000FDBBA1 /* CommentService */,
				DAF058A4298740F600FDBBA1 /* PostAPIService */,
			);
			path = Services;
			sourceTree = "<group>";
		};
		DAF058A4298740F600FDBBA1 /* PostAPIService */ = {
			isa = PBXGroup;
			children = (
				DAF058A52987412B00FDBBA1 /* PostEndpoint.swift */,
				DAF058A72987413D00FDBBA1 /* PostService.swift */,
			);
			path = PostAPIService;
			sourceTree = "<group>";
		};
		DAF058A9298743EC00FDBBA1 /* PostList */ = {
			isa = PBXGroup;
			children = (
				DAF058AC2987441B00FDBBA1 /* ViewModels */,
				DAF058AB2987441500FDBBA1 /* View */,
				DAF058AA2987441100FDBBA1 /* Router */,
			);
			path = PostList;
			sourceTree = "<group>";
		};
		DAF058AA2987441100FDBBA1 /* Router */ = {
			isa = PBXGroup;
			children = (
				DAF058AD2987443C00FDBBA1 /* PostListRouter.swift */,
			);
			path = Router;
			sourceTree = "<group>";
		};
		DAF058AB2987441500FDBBA1 /* View */ = {
			isa = PBXGroup;
			children = (
				DAF058AF2987444B00FDBBA1 /* PostListViewController.swift */,
				DAF058B12987445900FDBBA1 /* PostListTableViewCell.swift */,
			);
			path = View;
			sourceTree = "<group>";
		};
		DAF058AC2987441B00FDBBA1 /* ViewModels */ = {
			isa = PBXGroup;
			children = (
				DAF058B32987446D00FDBBA1 /* PostListViewModel.swift */,
			);
			path = ViewModels;
			sourceTree = "<group>";
		};
		DAF058B5298748B600FDBBA1 /* Extensions */ = {
			isa = PBXGroup;
			children = (
				DAF058B6298748C800FDBBA1 /* UIFontExtensions.swift */,
				DAF058B829874C3F00FDBBA1 /* UITableViewExtensions.swift */,
				DAF058BA29874F8F00FDBBA1 /* UIActivityIndicatorExtension.swift */,
				DAF058BC29874FD100FDBBA1 /* UIViewExtensions.swift */,
				DAF058DC2988845700FDBBA1 /* StringExtension.swift */,
			);
			path = Extensions;
			sourceTree = "<group>";
		};
		DAF058BE29880DD000FDBBA1 /* CommentService */ = {
			isa = PBXGroup;
			children = (
				DAF058C229880F6D00FDBBA1 /* CommentEndpoint.swift */,
				DAF058C729880F9300FDBBA1 /* CommentService.swift */,
			);
			path = CommentService;
			sourceTree = "<group>";
		};
		DAF058BF29880DD900FDBBA1 /* UserService */ = {
			isa = PBXGroup;
			children = (
				DAF058C029880F6100FDBBA1 /* UserEndpoint.swift */,
				DAF058C429880F7700FDBBA1 /* UserService.swift */,
			);
			path = UserService;
			sourceTree = "<group>";
		};
		DAF058C9298816D400FDBBA1 /* PostDetails */ = {
			isa = PBXGroup;
			children = (
				DAF058CD2988182400FDBBA1 /* Router */,
				DAF058CC2988181F00FDBBA1 /* ViewModels */,
				DAF058CA2988181100FDBBA1 /* Views */,
			);
			path = PostDetails;
			sourceTree = "<group>";
		};
		DAF058CA2988181100FDBBA1 /* Views */ = {
			isa = PBXGroup;
			children = (
				DAF058D22988185500FDBBA1 /* PostDetailsViewController.swift */,
				DAF058D42988186300FDBBA1 /* UserInfoView.swift */,
				DAF058D62988186E00FDBBA1 /* CommentsView.swift */,
				DAF058D82988188400FDBBA1 /* PostDetailsView.swift */,
				DAF058DA29887BF400FDBBA1 /* CommentTableViewCell.swift */,
			);
			path = Views;
			sourceTree = "<group>";
		};
		DAF058CC2988181F00FDBBA1 /* ViewModels */ = {
			isa = PBXGroup;
			children = (
				DAF058D02988184500FDBBA1 /* PostDetailsViewModel.swift */,
			);
			path = ViewModels;
			sourceTree = "<group>";
		};
		DAF058CD2988182400FDBBA1 /* Router */ = {
			isa = PBXGroup;
			children = (
				DAF058CE2988183B00FDBBA1 /* PostDetailsRouter.swift */,
			);
			path = Router;
			sourceTree = "<group>";
		};
		DAF058E02989C04000FDBBA1 /* FavoritesService */ = {
			isa = PBXGroup;
			children = (
				DAF058E12989C05700FDBBA1 /* FavoritesService.swift */,
			);
			path = FavoritesService;
			sourceTree = "<group>";
		};
		DAF059162989CEAD00FDBBA1 /* DeletedService */ = {
			isa = PBXGroup;
			children = (
				DAF059172989CEBB00FDBBA1 /* DeletedService.swift */,
			);
			path = DeletedService;
			sourceTree = "<group>";
		};
		DAF05919298B09CD00FDBBA1 /* LocalCache */ = {
			isa = PBXGroup;
			children = (
				DAF0591A298B09F300FDBBA1 /* LocalClient.swift */,
			);
			path = LocalCache;
			sourceTree = "<group>";
		};
		DAF0591C298C38EE00FDBBA1 /* Services */ = {
			isa = PBXGroup;
			children = (
				DAF0592A298C503F00FDBBA1 /* FavoritesServiceTest.swift */,
				DAF0592F298C535000FDBBA1 /* DeleteServicesTests.swift */,
				DAF05945298C72C100FDBBA1 /* APIServicesTests.swift */,
			);
			path = Services;
			sourceTree = "<group>";
		};
		DAF0591D298C3DBF00FDBBA1 /* MockedJsons */ = {
			isa = PBXGroup;
			children = (
				DAF0591E298C3DE000FDBBA1 /* Posts.json */,
				DAF05920298C3DEC00FDBBA1 /* Comments.json */,
				DAF05922298C3DFC00FDBBA1 /* User.json */,
			);
			path = MockedJsons;
			sourceTree = "<group>";
		};
		DAF05924298C3E8B00FDBBA1 /* Utils */ = {
			isa = PBXGroup;
			children = (
				DAF05925298C3E9E00FDBBA1 /* JsonLoader.swift */,
			);
			path = Utils;
			sourceTree = "<group>";
		};
		DAF05927298C427200FDBBA1 /* LocalCacheTests */ = {
			isa = PBXGroup;
			children = (
				DAF05928298C428600FDBBA1 /* LocalCacheTests.swift */,
			);
			path = LocalCacheTests;
			sourceTree = "<group>";
		};
		DAF0592C298C50C400FDBBA1 /* Fixtures */ = {
			isa = PBXGroup;
			children = (
				DAF0592D298C50D300FDBBA1 /* PostFixtures.swift */,
				DAF0593C298C667500FDBBA1 /* UserFixtures.swift */,
				DAF0593E298C667F00FDBBA1 /* CommentsFixtures.swift */,
			);
			path = Fixtures;
			sourceTree = "<group>";
		};
		DAF05931298C5BA200FDBBA1 /* Modules */ = {
			isa = PBXGroup;
			children = (
				DAF05937298C65B600FDBBA1 /* PostDetailsTests */,
				DAF05936298C65AB00FDBBA1 /* PostListTests */,
			);
			path = Modules;
			sourceTree = "<group>";
		};
		DAF05936298C65AB00FDBBA1 /* PostListTests */ = {
			isa = PBXGroup;
			children = (
				DAF05932298C5CB400FDBBA1 /* PostListViewModelTests.swift */,
				DAF05934298C5D5100FDBBA1 /* PostListSpies.swift */,
			);
			path = PostListTests;
			sourceTree = "<group>";
		};
		DAF05937298C65B600FDBBA1 /* PostDetailsTests */ = {
			isa = PBXGroup;
			children = (
				DAF05938298C65CD00FDBBA1 /* PostDetailsViewModelTests.swift */,
				DAF0593A298C660E00FDBBA1 /* PostDetailsSpies.swift */,
			);
			path = PostDetailsTests;
			sourceTree = "<group>";
		};
		DAF05940298C6D5A00FDBBA1 /* ExtensionsTest */ = {
			isa = PBXGroup;
			children = (
				DAF05941298C6D7E00FDBBA1 /* UIFontExtensionTests.swift */,
				DAF05943298C705900FDBBA1 /* StringExtensionTests.swift */,
			);
			path = ExtensionsTest;
			sourceTree = "<group>";
		};
/* End PBXGroup section */

/* Begin PBXNativeTarget section */
		DAF0585929873B0C00FDBBA1 /* Zee */ = {
			isa = PBXNativeTarget;
			buildConfigurationList = DAF0588429873B0C00FDBBA1 /* Build configuration list for PBXNativeTarget "Zee" */;
			buildPhases = (
				DAF0585629873B0C00FDBBA1 /* Sources */,
				DAF0585729873B0C00FDBBA1 /* Frameworks */,
				DAF0585829873B0C00FDBBA1 /* Resources */,
			);
			buildRules = (
			);
			dependencies = (
			);
			name = Zee;
			productName = Zee;
			productReference = DAF0585A29873B0C00FDBBA1 /* Zee.app */;
			productType = "com.apple.product-type.application";
		};
		DAF0586F29873B0C00FDBBA1 /* ZeeTests */ = {
			isa = PBXNativeTarget;
			buildConfigurationList = DAF0588729873B0C00FDBBA1 /* Build configuration list for PBXNativeTarget "ZeeTests" */;
			buildPhases = (
				DAF0586C29873B0C00FDBBA1 /* Sources */,
				DAF0586D29873B0C00FDBBA1 /* Frameworks */,
				DAF0586E29873B0C00FDBBA1 /* Resources */,
			);
			buildRules = (
			);
			dependencies = (
				DAF0587229873B0C00FDBBA1 /* PBXTargetDependency */,
			);
			name = ZeeTests;
			productName = ZeeTests;
			productReference = DAF0587029873B0C00FDBBA1 /* ZeeTests.xctest */;
			productType = "com.apple.product-type.bundle.unit-test";
		};
/* End PBXNativeTarget section */

/* Begin PBXProject section */
		DAF0585229873B0C00FDBBA1 /* Project object */ = {
			isa = PBXProject;
			attributes = {
				BuildIndependentTargetsInParallel = 1;
				LastSwiftUpdateCheck = 1420;
				LastUpgradeCheck = 1420;
				TargetAttributes = {
					DAF0585929873B0C00FDBBA1 = {
						CreatedOnToolsVersion = 14.2;
					};
					DAF0586F29873B0C00FDBBA1 = {
						CreatedOnToolsVersion = 14.2;
						TestTargetID = DAF0585929873B0C00FDBBA1;
					};
				};
			};
			buildConfigurationList = DAF0585529873B0C00FDBBA1 /* Build configuration list for PBXProject "Zee" */;
			compatibilityVersion = "Xcode 14.0";
			developmentRegion = en;
			hasScannedForEncodings = 0;
			knownRegions = (
				en,
				Base,
			);
			mainGroup = DAF0585129873B0C00FDBBA1;
			productRefGroup = DAF0585B29873B0C00FDBBA1 /* Products */;
			projectDirPath = "";
			projectRoot = "";
			targets = (
				DAF0585929873B0C00FDBBA1 /* Zee */,
				DAF0586F29873B0C00FDBBA1 /* ZeeTests */,
			);
		};
/* End PBXProject section */

/* Begin PBXResourcesBuildPhase section */
		DAF0585829873B0C00FDBBA1 /* Resources */ = {
			isa = PBXResourcesBuildPhase;
			buildActionMask = 2147483647;
			files = (
				DAF0586A29873B0C00FDBBA1 /* LaunchScreen.storyboard in Resources */,
				DAF0586729873B0C00FDBBA1 /* Assets.xcassets in Resources */,
			);
			runOnlyForDeploymentPostprocessing = 0;
		};
		DAF0586E29873B0C00FDBBA1 /* Resources */ = {
			isa = PBXResourcesBuildPhase;
			buildActionMask = 2147483647;
			files = (
				DAF05923298C3DFC00FDBBA1 /* User.json in Resources */,
				DAF0591F298C3DE000FDBBA1 /* Posts.json in Resources */,
				DAF05921298C3DEC00FDBBA1 /* Comments.json in Resources */,
			);
			runOnlyForDeploymentPostprocessing = 0;
		};
/* End PBXResourcesBuildPhase section */

/* Begin PBXSourcesBuildPhase section */
		DAF0585629873B0C00FDBBA1 /* Sources */ = {
			isa = PBXSourcesBuildPhase;
			buildActionMask = 2147483647;
			files = (
				DAF0589029873BAE00FDBBA1 /* RootRouter.swift in Sources */,
				DAF0589329873CD000FDBBA1 /* HTTPClient.swift in Sources */,
				DAF058DD2988845700FDBBA1 /* StringExtension.swift in Sources */,
				DAF058D72988186E00FDBBA1 /* CommentsView.swift in Sources */,
				DAF058B7298748C800FDBBA1 /* UIFontExtensions.swift in Sources */,
				DAF058E22989C05700FDBBA1 /* FavoritesService.swift in Sources */,
				DAF058CF2988183B00FDBBA1 /* PostDetailsRouter.swift in Sources */,
				DAF058B42987446D00FDBBA1 /* PostListViewModel.swift in Sources */,
				DAF058A82987413D00FDBBA1 /* PostService.swift in Sources */,
				DAF058A029873E5700FDBBA1 /* Comment.swift in Sources */,
				DAF058B02987444B00FDBBA1 /* PostListViewController.swift in Sources */,
				DAF058B929874C3F00FDBBA1 /* UITableViewExtensions.swift in Sources */,
				DAF0585E29873B0C00FDBBA1 /* AppDelegate.swift in Sources */,
				DAF058A229873EFB00FDBBA1 /* User.swift in Sources */,
				DAF0589529873CF000FDBBA1 /* ServiceEndpoint.swift in Sources */,
				DAF0591B298B09F300FDBBA1 /* LocalClient.swift in Sources */,
				DAF058B22987445900FDBBA1 /* PostListTableViewCell.swift in Sources */,
				DAF058DB29887BF400FDBBA1 /* CommentTableViewCell.swift in Sources */,
				DAF058D12988184500FDBBA1 /* PostDetailsViewModel.swift in Sources */,
				DAF058D92988188400FDBBA1 /* PostDetailsView.swift in Sources */,
				DAF058D32988185500FDBBA1 /* PostDetailsViewController.swift in Sources */,
				DAF058C329880F6D00FDBBA1 /* CommentEndpoint.swift in Sources */,
				DAF0589E29873E5000FDBBA1 /* Post.swift in Sources */,
				DAF058C529880F7700FDBBA1 /* UserService.swift in Sources */,
				DAF059182989CEBB00FDBBA1 /* DeletedService.swift in Sources */,
				DAF058BB29874F8F00FDBBA1 /* UIActivityIndicatorExtension.swift in Sources */,
				DAF058C129880F6100FDBBA1 /* UserEndpoint.swift in Sources */,
				DAF058A62987412B00FDBBA1 /* PostEndpoint.swift in Sources */,
				DAF058AE2987443C00FDBBA1 /* PostListRouter.swift in Sources */,
				DAF058C829880F9300FDBBA1 /* CommentService.swift in Sources */,
				DAF058D52988186300FDBBA1 /* UserInfoView.swift in Sources */,
				DAF058BD29874FD100FDBBA1 /* UIViewExtensions.swift in Sources */,
				DAF0586029873B0C00FDBBA1 /* SceneDelegate.swift in Sources */,
			);
			runOnlyForDeploymentPostprocessing = 0;
		};
		DAF0586C29873B0C00FDBBA1 /* Sources */ = {
			isa = PBXSourcesBuildPhase;
			buildActionMask = 2147483647;
			files = (
				DAF05926298C3E9E00FDBBA1 /* JsonLoader.swift in Sources */,
				DAF0593F298C667F00FDBBA1 /* CommentsFixtures.swift in Sources */,
				DAF0589B29873D5F00FDBBA1 /* NetworkTests.swift in Sources */,
				DAF05929298C428600FDBBA1 /* LocalCacheTests.swift in Sources */,
				DAF0592B298C503F00FDBBA1 /* FavoritesServiceTest.swift in Sources */,
				DAF05935298C5D5100FDBBA1 /* PostListSpies.swift in Sources */,
				DAF0589929873D3400FDBBA1 /* NetworkMockTests.swift in Sources */,
				DAF0587529873B0C00FDBBA1 /* ZeeTests.swift in Sources */,
				DAF05930298C535000FDBBA1 /* DeleteServicesTests.swift in Sources */,
				DAF05933298C5CB400FDBBA1 /* PostListViewModelTests.swift in Sources */,
				DAF0593B298C660E00FDBBA1 /* PostDetailsSpies.swift in Sources */,
				DAF0593D298C667500FDBBA1 /* UserFixtures.swift in Sources */,
				DAF05944298C705900FDBBA1 /* StringExtensionTests.swift in Sources */,
				DAF05939298C65CD00FDBBA1 /* PostDetailsViewModelTests.swift in Sources */,
				DAF05942298C6D7E00FDBBA1 /* UIFontExtensionTests.swift in Sources */,
				DAF05946298C72C100FDBBA1 /* APIServicesTests.swift in Sources */,
				DAF0592E298C50D300FDBBA1 /* PostFixtures.swift in Sources */,
			);
			runOnlyForDeploymentPostprocessing = 0;
		};
/* End PBXSourcesBuildPhase section */

/* Begin PBXTargetDependency section */
		DAF0587229873B0C00FDBBA1 /* PBXTargetDependency */ = {
			isa = PBXTargetDependency;
			target = DAF0585929873B0C00FDBBA1 /* Zee */;
			targetProxy = DAF0587129873B0C00FDBBA1 /* PBXContainerItemProxy */;
		};
/* End PBXTargetDependency section */

/* Begin PBXVariantGroup section */
		DAF0586829873B0C00FDBBA1 /* LaunchScreen.storyboard */ = {
			isa = PBXVariantGroup;
			children = (
				DAF0586929873B0C00FDBBA1 /* Base */,
			);
			name = LaunchScreen.storyboard;
			sourceTree = "<group>";
		};
/* End PBXVariantGroup section */

/* Begin XCBuildConfiguration section */
		DAF0588229873B0C00FDBBA1 /* Debug */ = {
			isa = XCBuildConfiguration;
			buildSettings = {
				ALWAYS_SEARCH_USER_PATHS = NO;
				CLANG_ANALYZER_NONNULL = YES;
				CLANG_ANALYZER_NUMBER_OBJECT_CONVERSION = YES_AGGRESSIVE;
				CLANG_CXX_LANGUAGE_STANDARD = "gnu++20";
				CLANG_ENABLE_MODULES = YES;
				CLANG_ENABLE_OBJC_ARC = YES;
				CLANG_ENABLE_OBJC_WEAK = YES;
				CLANG_WARN_BLOCK_CAPTURE_AUTORELEASING = YES;
				CLANG_WARN_BOOL_CONVERSION = YES;
				CLANG_WARN_COMMA = YES;
				CLANG_WARN_CONSTANT_CONVERSION = YES;
				CLANG_WARN_DEPRECATED_OBJC_IMPLEMENTATIONS = YES;
				CLANG_WARN_DIRECT_OBJC_ISA_USAGE = YES_ERROR;
				CLANG_WARN_DOCUMENTATION_COMMENTS = YES;
				CLANG_WARN_EMPTY_BODY = YES;
				CLANG_WARN_ENUM_CONVERSION = YES;
				CLANG_WARN_INFINITE_RECURSION = YES;
				CLANG_WARN_INT_CONVERSION = YES;
				CLANG_WARN_NON_LITERAL_NULL_CONVERSION = YES;
				CLANG_WARN_OBJC_IMPLICIT_RETAIN_SELF = YES;
				CLANG_WARN_OBJC_LITERAL_CONVERSION = YES;
				CLANG_WARN_OBJC_ROOT_CLASS = YES_ERROR;
				CLANG_WARN_QUOTED_INCLUDE_IN_FRAMEWORK_HEADER = YES;
				CLANG_WARN_RANGE_LOOP_ANALYSIS = YES;
				CLANG_WARN_STRICT_PROTOTYPES = YES;
				CLANG_WARN_SUSPICIOUS_MOVE = YES;
				CLANG_WARN_UNGUARDED_AVAILABILITY = YES_AGGRESSIVE;
				CLANG_WARN_UNREACHABLE_CODE = YES;
				CLANG_WARN__DUPLICATE_METHOD_MATCH = YES;
				COPY_PHASE_STRIP = NO;
				DEBUG_INFORMATION_FORMAT = dwarf;
				ENABLE_STRICT_OBJC_MSGSEND = YES;
				ENABLE_TESTABILITY = YES;
				GCC_C_LANGUAGE_STANDARD = gnu11;
				GCC_DYNAMIC_NO_PIC = NO;
				GCC_NO_COMMON_BLOCKS = YES;
				GCC_OPTIMIZATION_LEVEL = 0;
				GCC_PREPROCESSOR_DEFINITIONS = (
					"DEBUG=1",
					"$(inherited)",
				);
				GCC_WARN_64_TO_32_BIT_CONVERSION = YES;
				GCC_WARN_ABOUT_RETURN_TYPE = YES_ERROR;
				GCC_WARN_UNDECLARED_SELECTOR = YES;
				GCC_WARN_UNINITIALIZED_AUTOS = YES_AGGRESSIVE;
				GCC_WARN_UNUSED_FUNCTION = YES;
				GCC_WARN_UNUSED_VARIABLE = YES;
				IPHONEOS_DEPLOYMENT_TARGET = 15.0;
				MTL_ENABLE_DEBUG_INFO = INCLUDE_SOURCE;
				MTL_FAST_MATH = YES;
				ONLY_ACTIVE_ARCH = YES;
				SDKROOT = iphoneos;
				SWIFT_ACTIVE_COMPILATION_CONDITIONS = DEBUG;
				SWIFT_OPTIMIZATION_LEVEL = "-Onone";
			};
			name = Debug;
		};
		DAF0588329873B0C00FDBBA1 /* Release */ = {
			isa = XCBuildConfiguration;
			buildSettings = {
				ALWAYS_SEARCH_USER_PATHS = NO;
				CLANG_ANALYZER_NONNULL = YES;
				CLANG_ANALYZER_NUMBER_OBJECT_CONVERSION = YES_AGGRESSIVE;
				CLANG_CXX_LANGUAGE_STANDARD = "gnu++20";
				CLANG_ENABLE_MODULES = YES;
				CLANG_ENABLE_OBJC_ARC = YES;
				CLANG_ENABLE_OBJC_WEAK = YES;
				CLANG_WARN_BLOCK_CAPTURE_AUTORELEASING = YES;
				CLANG_WARN_BOOL_CONVERSION = YES;
				CLANG_WARN_COMMA = YES;
				CLANG_WARN_CONSTANT_CONVERSION = YES;
				CLANG_WARN_DEPRECATED_OBJC_IMPLEMENTATIONS = YES;
				CLANG_WARN_DIRECT_OBJC_ISA_USAGE = YES_ERROR;
				CLANG_WARN_DOCUMENTATION_COMMENTS = YES;
				CLANG_WARN_EMPTY_BODY = YES;
				CLANG_WARN_ENUM_CONVERSION = YES;
				CLANG_WARN_INFINITE_RECURSION = YES;
				CLANG_WARN_INT_CONVERSION = YES;
				CLANG_WARN_NON_LITERAL_NULL_CONVERSION = YES;
				CLANG_WARN_OBJC_IMPLICIT_RETAIN_SELF = YES;
				CLANG_WARN_OBJC_LITERAL_CONVERSION = YES;
				CLANG_WARN_OBJC_ROOT_CLASS = YES_ERROR;
				CLANG_WARN_QUOTED_INCLUDE_IN_FRAMEWORK_HEADER = YES;
				CLANG_WARN_RANGE_LOOP_ANALYSIS = YES;
				CLANG_WARN_STRICT_PROTOTYPES = YES;
				CLANG_WARN_SUSPICIOUS_MOVE = YES;
				CLANG_WARN_UNGUARDED_AVAILABILITY = YES_AGGRESSIVE;
				CLANG_WARN_UNREACHABLE_CODE = YES;
				CLANG_WARN__DUPLICATE_METHOD_MATCH = YES;
				COPY_PHASE_STRIP = NO;
				DEBUG_INFORMATION_FORMAT = "dwarf-with-dsym";
				ENABLE_NS_ASSERTIONS = NO;
				ENABLE_STRICT_OBJC_MSGSEND = YES;
				GCC_C_LANGUAGE_STANDARD = gnu11;
				GCC_NO_COMMON_BLOCKS = YES;
				GCC_WARN_64_TO_32_BIT_CONVERSION = YES;
				GCC_WARN_ABOUT_RETURN_TYPE = YES_ERROR;
				GCC_WARN_UNDECLARED_SELECTOR = YES;
				GCC_WARN_UNINITIALIZED_AUTOS = YES_AGGRESSIVE;
				GCC_WARN_UNUSED_FUNCTION = YES;
				GCC_WARN_UNUSED_VARIABLE = YES;
				IPHONEOS_DEPLOYMENT_TARGET = 15.0;
				MTL_ENABLE_DEBUG_INFO = NO;
				MTL_FAST_MATH = YES;
				SDKROOT = iphoneos;
				SWIFT_COMPILATION_MODE = wholemodule;
				SWIFT_OPTIMIZATION_LEVEL = "-O";
				VALIDATE_PRODUCT = YES;
			};
			name = Release;
		};
		DAF0588529873B0C00FDBBA1 /* Debug */ = {
			isa = XCBuildConfiguration;
			buildSettings = {
				ASSETCATALOG_COMPILER_APPICON_NAME = AppIcon;
				ASSETCATALOG_COMPILER_GLOBAL_ACCENT_COLOR_NAME = AccentColor;
				CODE_SIGN_STYLE = Automatic;
				CURRENT_PROJECT_VERSION = 1;
				DEVELOPMENT_TEAM = 489VWS49NR;
				GENERATE_INFOPLIST_FILE = YES;
				INFOPLIST_FILE = Zee/Info.plist;
				INFOPLIST_KEY_UIApplicationSupportsIndirectInputEvents = YES;
				INFOPLIST_KEY_UILaunchStoryboardName = LaunchScreen;
				INFOPLIST_KEY_UISupportedInterfaceOrientations_iPad = "UIInterfaceOrientationPortrait UIInterfaceOrientationPortraitUpsideDown UIInterfaceOrientationLandscapeLeft UIInterfaceOrientationLandscapeRight";
				INFOPLIST_KEY_UISupportedInterfaceOrientations_iPhone = "UIInterfaceOrientationPortrait UIInterfaceOrientationLandscapeLeft UIInterfaceOrientationLandscapeRight";
				IPHONEOS_DEPLOYMENT_TARGET = 15.0;
				LD_RUNPATH_SEARCH_PATHS = (
					"$(inherited)",
					"@executable_path/Frameworks",
				);
				MARKETING_VERSION = 1.0;
				PRODUCT_BUNDLE_IDENTIFIER = com.test.Zee;
				PRODUCT_NAME = "$(TARGET_NAME)";
				SUPPORTED_PLATFORMS = "iphoneos iphonesimulator";
				SUPPORTS_MACCATALYST = NO;
				SUPPORTS_MAC_DESIGNED_FOR_IPHONE_IPAD = NO;
				SWIFT_EMIT_LOC_STRINGS = YES;
				SWIFT_VERSION = 5.0;
				TARGETED_DEVICE_FAMILY = 1;
			};
			name = Debug;
		};
		DAF0588629873B0C00FDBBA1 /* Release */ = {
			isa = XCBuildConfiguration;
			buildSettings = {
				ASSETCATALOG_COMPILER_APPICON_NAME = AppIcon;
				ASSETCATALOG_COMPILER_GLOBAL_ACCENT_COLOR_NAME = AccentColor;
				CODE_SIGN_STYLE = Automatic;
				CURRENT_PROJECT_VERSION = 1;
				DEVELOPMENT_TEAM = 489VWS49NR;
				GENERATE_INFOPLIST_FILE = YES;
				INFOPLIST_FILE = Zee/Info.plist;
				INFOPLIST_KEY_UIApplicationSupportsIndirectInputEvents = YES;
				INFOPLIST_KEY_UILaunchStoryboardName = LaunchScreen;
				INFOPLIST_KEY_UISupportedInterfaceOrientations_iPad = "UIInterfaceOrientationPortrait UIInterfaceOrientationPortraitUpsideDown UIInterfaceOrientationLandscapeLeft UIInterfaceOrientationLandscapeRight";
				INFOPLIST_KEY_UISupportedInterfaceOrientations_iPhone = "UIInterfaceOrientationPortrait UIInterfaceOrientationLandscapeLeft UIInterfaceOrientationLandscapeRight";
				IPHONEOS_DEPLOYMENT_TARGET = 15.0;
				LD_RUNPATH_SEARCH_PATHS = (
					"$(inherited)",
					"@executable_path/Frameworks",
				);
				MARKETING_VERSION = 1.0;
				PRODUCT_BUNDLE_IDENTIFIER = com.test.Zee;
				PRODUCT_NAME = "$(TARGET_NAME)";
				SUPPORTED_PLATFORMS = "iphoneos iphonesimulator";
				SUPPORTS_MACCATALYST = NO;
				SUPPORTS_MAC_DESIGNED_FOR_IPHONE_IPAD = NO;
				SWIFT_EMIT_LOC_STRINGS = YES;
				SWIFT_VERSION = 5.0;
				TARGETED_DEVICE_FAMILY = 1;
			};
			name = Release;
		};
		DAF0588829873B0C00FDBBA1 /* Debug */ = {
			isa = XCBuildConfiguration;
			buildSettings = {
				ALWAYS_EMBED_SWIFT_STANDARD_LIBRARIES = YES;
				BUNDLE_LOADER = "$(TEST_HOST)";
				CODE_SIGN_STYLE = Automatic;
				CURRENT_PROJECT_VERSION = 1;
				DEVELOPMENT_TEAM = 489VWS49NR;
				GENERATE_INFOPLIST_FILE = YES;
				IPHONEOS_DEPLOYMENT_TARGET = 16.2;
				MARKETING_VERSION = 1.0;
				PRODUCT_BUNDLE_IDENTIFIER = com.test.ZeeTests;
				PRODUCT_NAME = "$(TARGET_NAME)";
				SWIFT_EMIT_LOC_STRINGS = NO;
				SWIFT_VERSION = 5.0;
				TARGETED_DEVICE_FAMILY = "1,2";
				TEST_HOST = "$(BUILT_PRODUCTS_DIR)/Zee.app/$(BUNDLE_EXECUTABLE_FOLDER_PATH)/Zee";
			};
			name = Debug;
		};
		DAF0588929873B0C00FDBBA1 /* Release */ = {
			isa = XCBuildConfiguration;
			buildSettings = {
				ALWAYS_EMBED_SWIFT_STANDARD_LIBRARIES = YES;
				BUNDLE_LOADER = "$(TEST_HOST)";
				CODE_SIGN_STYLE = Automatic;
				CURRENT_PROJECT_VERSION = 1;
				DEVELOPMENT_TEAM = 489VWS49NR;
				GENERATE_INFOPLIST_FILE = YES;
				IPHONEOS_DEPLOYMENT_TARGET = 16.2;
				MARKETING_VERSION = 1.0;
				PRODUCT_BUNDLE_IDENTIFIER = com.test.ZeeTests;
				PRODUCT_NAME = "$(TARGET_NAME)";
				SWIFT_EMIT_LOC_STRINGS = NO;
				SWIFT_VERSION = 5.0;
				TARGETED_DEVICE_FAMILY = "1,2";
				TEST_HOST = "$(BUILT_PRODUCTS_DIR)/Zee.app/$(BUNDLE_EXECUTABLE_FOLDER_PATH)/Zee";
			};
			name = Release;
		};
/* End XCBuildConfiguration section */

/* Begin XCConfigurationList section */
		DAF0585529873B0C00FDBBA1 /* Build configuration list for PBXProject "Zee" */ = {
			isa = XCConfigurationList;
			buildConfigurations = (
				DAF0588229873B0C00FDBBA1 /* Debug */,
				DAF0588329873B0C00FDBBA1 /* Release */,
			);
			defaultConfigurationIsVisible = 0;
			defaultConfigurationName = Release;
		};
		DAF0588429873B0C00FDBBA1 /* Build configuration list for PBXNativeTarget "Zee" */ = {
			isa = XCConfigurationList;
			buildConfigurations = (
				DAF0588529873B0C00FDBBA1 /* Debug */,
				DAF0588629873B0C00FDBBA1 /* Release */,
			);
			defaultConfigurationIsVisible = 0;
			defaultConfigurationName = Release;
		};
		DAF0588729873B0C00FDBBA1 /* Build configuration list for PBXNativeTarget "ZeeTests" */ = {
			isa = XCConfigurationList;
			buildConfigurations = (
				DAF0588829873B0C00FDBBA1 /* Debug */,
				DAF0588929873B0C00FDBBA1 /* Release */,
			);
			defaultConfigurationIsVisible = 0;
			defaultConfigurationName = Release;
		};
/* End XCConfigurationList section */
	};
	rootObject = DAF0585229873B0C00FDBBA1 /* Project object */;
}
