// !$*UTF8*$!
{
	archiveVersion = 1;
	classes = {
	};
	objectVersion = 56;
	objects = {

/* Begin PBXBuildFile section */
		DAF0585E29873B0C00FDBBA1 /* AppDelegate.swift in Sources */ = {isa = PBXBuildFile; fileRef = DAF0585D29873B0C00FDBBA1 /* AppDelegate.swift */; };
		DAF0586029873B0C00FDBBA1 /* SceneDelegate.swift in Sources */ = {isa = PBXBuildFile; fileRef = DAF0585F29873B0C00FDBBA1 /* SceneDelegate.swift */; };
		DAF0586229873B0C00FDBBA1 /* ViewController.swift in Sources */ = {isa = PBXBuildFile; fileRef = DAF0586129873B0C00FDBBA1 /* ViewController.swift */; };
		DAF0586529873B0C00FDBBA1 /* Main.storyboard in Resources */ = {isa = PBXBuildFile; fileRef = DAF0586329873B0C00FDBBA1 /* Main.storyboard */; };
		DAF0586729873B0C00FDBBA1 /* Assets.xcassets in Resources */ = {isa = PBXBuildFile; fileRef = DAF0586629873B0C00FDBBA1 /* Assets.xcassets */; };
		DAF0586A29873B0C00FDBBA1 /* LaunchScreen.storyboard in Resources */ = {isa = PBXBuildFile; fileRef = DAF0586829873B0C00FDBBA1 /* LaunchScreen.storyboard */; };
		DAF0587529873B0C00FDBBA1 /* ZeeTests.swift in Sources */ = {isa = PBXBuildFile; fileRef = DAF0587429873B0C00FDBBA1 /* ZeeTests.swift */; };
		DAF0587F29873B0C00FDBBA1 /* ZeeUITests.swift in Sources */ = {isa = PBXBuildFile; fileRef = DAF0587E29873B0C00FDBBA1 /* ZeeUITests.swift */; };
		DAF0588129873B0C00FDBBA1 /* ZeeUITestsLaunchTests.swift in Sources */ = {isa = PBXBuildFile; fileRef = DAF0588029873B0C00FDBBA1 /* ZeeUITestsLaunchTests.swift */; };
/* End PBXBuildFile section */

/* Begin PBXContainerItemProxy section */
		DAF0587129873B0C00FDBBA1 /* PBXContainerItemProxy */ = {
			isa = PBXContainerItemProxy;
			containerPortal = DAF0585229873B0C00FDBBA1 /* Project object */;
			proxyType = 1;
			remoteGlobalIDString = DAF0585929873B0C00FDBBA1;
			remoteInfo = Zee;
		};
		DAF0587B29873B0C00FDBBA1 /* PBXContainerItemProxy */ = {
			isa = PBXContainerItemProxy;
			containerPortal = DAF0585229873B0C00FDBBA1 /* Project object */;
			proxyType = 1;
			remoteGlobalIDString = DAF0585929873B0C00FDBBA1;
			remoteInfo = Zee;
		};
/* End PBXContainerItemProxy section */

/* Begin PBXFileReference section */
		DAF0585A29873B0C00FDBBA1 /* Zee.app */ = {isa = PBXFileReference; explicitFileType = wrapper.application; includeInIndex = 0; path = Zee.app; sourceTree = BUILT_PRODUCTS_DIR; };
		DAF0585D29873B0C00FDBBA1 /* AppDelegate.swift */ = {isa = PBXFileReference; lastKnownFileType = sourcecode.swift; path = AppDelegate.swift; sourceTree = "<group>"; };
		DAF0585F29873B0C00FDBBA1 /* SceneDelegate.swift */ = {isa = PBXFileReference; lastKnownFileType = sourcecode.swift; path = SceneDelegate.swift; sourceTree = "<group>"; };
		DAF0586129873B0C00FDBBA1 /* ViewController.swift */ = {isa = PBXFileReference; lastKnownFileType = sourcecode.swift; path = ViewController.swift; sourceTree = "<group>"; };
		DAF0586429873B0C00FDBBA1 /* Base */ = {isa = PBXFileReference; lastKnownFileType = file.storyboard; name = Base; path = Base.lproj/Main.storyboard; sourceTree = "<group>"; };
		DAF0586629873B0C00FDBBA1 /* Assets.xcassets */ = {isa = PBXFileReference; lastKnownFileType = folder.assetcatalog; path = Assets.xcassets; sourceTree = "<group>"; };
		DAF0586929873B0C00FDBBA1 /* Base */ = {isa = PBXFileReference; lastKnownFileType = file.storyboard; name = Base; path = Base.lproj/LaunchScreen.storyboard; sourceTree = "<group>"; };
		DAF0586B29873B0C00FDBBA1 /* Info.plist */ = {isa = PBXFileReference; lastKnownFileType = text.plist.xml; path = Info.plist; sourceTree = "<group>"; };
		DAF0587029873B0C00FDBBA1 /* ZeeTests.xctest */ = {isa = PBXFileReference; explicitFileType = wrapper.cfbundle; includeInIndex = 0; path = ZeeTests.xctest; sourceTree = BUILT_PRODUCTS_DIR; };
		DAF0587429873B0C00FDBBA1 /* ZeeTests.swift */ = {isa = PBXFileReference; lastKnownFileType = sourcecode.swift; path = ZeeTests.swift; sourceTree = "<group>"; };
		DAF0587A29873B0C00FDBBA1 /* ZeeUITests.xctest */ = {isa = PBXFileReference; explicitFileType = wrapper.cfbundle; includeInIndex = 0; path = ZeeUITests.xctest; sourceTree = BUILT_PRODUCTS_DIR; };
		DAF0587E29873B0C00FDBBA1 /* ZeeUITests.swift */ = {isa = PBXFileReference; lastKnownFileType = sourcecode.swift; path = ZeeUITests.swift; sourceTree = "<group>"; };
		DAF0588029873B0C00FDBBA1 /* ZeeUITestsLaunchTests.swift */ = {isa = PBXFileReference; lastKnownFileType = sourcecode.swift; path = ZeeUITestsLaunchTests.swift; sourceTree = "<group>"; };
/* End PBXFileReference section */

/* Begin PBXFrameworksBuildPhase section */
		DAF0585729873B0C00FDBBA1 /* Frameworks */ = {
			isa = PBXFrameworksBuildPhase;
			buildActionMask = 2147483647;
			files = (
			);
			runOnlyForDeploymentPostprocessing = 0;
		};
		DAF0586D29873B0C00FDBBA1 /* Frameworks */ = {
			isa = PBXFrameworksBuildPhase;
			buildActionMask = 2147483647;
			files = (
			);
			runOnlyForDeploymentPostprocessing = 0;
		};
		DAF0587729873B0C00FDBBA1 /* Frameworks */ = {
			isa = PBXFrameworksBuildPhase;
			buildActionMask = 2147483647;
			files = (
			);
			runOnlyForDeploymentPostprocessing = 0;
		};
/* End PBXFrameworksBuildPhase section */

/* Begin PBXGroup section */
		DAF0585129873B0C00FDBBA1 = {
			isa = PBXGroup;
			children = (
				DAF0585C29873B0C00FDBBA1 /* Zee */,
				DAF0587329873B0C00FDBBA1 /* ZeeTests */,
				DAF0587D29873B0C00FDBBA1 /* ZeeUITests */,
				DAF0585B29873B0C00FDBBA1 /* Products */,
			);
			sourceTree = "<group>";
		};
		DAF0585B29873B0C00FDBBA1 /* Products */ = {
			isa = PBXGroup;
			children = (
				DAF0585A29873B0C00FDBBA1 /* Zee.app */,
				DAF0587029873B0C00FDBBA1 /* ZeeTests.xctest */,
				DAF0587A29873B0C00FDBBA1 /* ZeeUITests.xctest */,
			);
			name = Products;
			sourceTree = "<group>";
		};
		DAF0585C29873B0C00FDBBA1 /* Zee */ = {
			isa = PBXGroup;
			children = (
				DAF0585D29873B0C00FDBBA1 /* AppDelegate.swift */,
				DAF0585F29873B0C00FDBBA1 /* SceneDelegate.swift */,
				DAF0586129873B0C00FDBBA1 /* ViewController.swift */,
				DAF0586329873B0C00FDBBA1 /* Main.storyboard */,
				DAF0586629873B0C00FDBBA1 /* Assets.xcassets */,
				DAF0586829873B0C00FDBBA1 /* LaunchScreen.storyboard */,
				DAF0586B29873B0C00FDBBA1 /* Info.plist */,
			);
			path = Zee;
			sourceTree = "<group>";
		};
		DAF0587329873B0C00FDBBA1 /* ZeeTests */ = {
			isa = PBXGroup;
			children = (
				DAF0587429873B0C00FDBBA1 /* ZeeTests.swift */,
			);
			path = ZeeTests;
			sourceTree = "<group>";
		};
		DAF0587D29873B0C00FDBBA1 /* ZeeUITests */ = {
			isa = PBXGroup;
			children = (
				DAF0587E29873B0C00FDBBA1 /* ZeeUITests.swift */,
				DAF0588029873B0C00FDBBA1 /* ZeeUITestsLaunchTests.swift */,
			);
			path = ZeeUITests;
			sourceTree = "<group>";
		};
/* End PBXGroup section */

/* Begin PBXNativeTarget section */
		DAF0585929873B0C00FDBBA1 /* Zee */ = {
			isa = PBXNativeTarget;
			buildConfigurationList = DAF0588429873B0C00FDBBA1 /* Build configuration list for PBXNativeTarget "Zee" */;
			buildPhases = (
				DAF0585629873B0C00FDBBA1 /* Sources */,
				DAF0585729873B0C00FDBBA1 /* Frameworks */,
				DAF0585829873B0C00FDBBA1 /* Resources */,
			);
			buildRules = (
			);
			dependencies = (
			);
			name = Zee;
			productName = Zee;
			productReference = DAF0585A29873B0C00FDBBA1 /* Zee.app */;
			productType = "com.apple.product-type.application";
		};
		DAF0586F29873B0C00FDBBA1 /* ZeeTests */ = {
			isa = PBXNativeTarget;
			buildConfigurationList = DAF0588729873B0C00FDBBA1 /* Build configuration list for PBXNativeTarget "ZeeTests" */;
			buildPhases = (
				DAF0586C29873B0C00FDBBA1 /* Sources */,
				DAF0586D29873B0C00FDBBA1 /* Frameworks */,
				DAF0586E29873B0C00FDBBA1 /* Resources */,
			);
			buildRules = (
			);
			dependencies = (
				DAF0587229873B0C00FDBBA1 /* PBXTargetDependency */,
			);
			name = ZeeTests;
			productName = ZeeTests;
			productReference = DAF0587029873B0C00FDBBA1 /* ZeeTests.xctest */;
			productType = "com.apple.product-type.bundle.unit-test";
		};
		DAF0587929873B0C00FDBBA1 /* ZeeUITests */ = {
			isa = PBXNativeTarget;
			buildConfigurationList = DAF0588A29873B0C00FDBBA1 /* Build configuration list for PBXNativeTarget "ZeeUITests" */;
			buildPhases = (
				DAF0587629873B0C00FDBBA1 /* Sources */,
				DAF0587729873B0C00FDBBA1 /* Frameworks */,
				DAF0587829873B0C00FDBBA1 /* Resources */,
			);
			buildRules = (
			);
			dependencies = (
				DAF0587C29873B0C00FDBBA1 /* PBXTargetDependency */,
			);
			name = ZeeUITests;
			productName = ZeeUITests;
			productReference = DAF0587A29873B0C00FDBBA1 /* ZeeUITests.xctest */;
			productType = "com.apple.product-type.bundle.ui-testing";
		};
/* End PBXNativeTarget section */

/* Begin PBXProject section */
		DAF0585229873B0C00FDBBA1 /* Project object */ = {
			isa = PBXProject;
			attributes = {
				BuildIndependentTargetsInParallel = 1;
				LastSwiftUpdateCheck = 1420;
				LastUpgradeCheck = 1420;
				TargetAttributes = {
					DAF0585929873B0C00FDBBA1 = {
						CreatedOnToolsVersion = 14.2;
					};
					DAF0586F29873B0C00FDBBA1 = {
						CreatedOnToolsVersion = 14.2;
						TestTargetID = DAF0585929873B0C00FDBBA1;
					};
					DAF0587929873B0C00FDBBA1 = {
						CreatedOnToolsVersion = 14.2;
						TestTargetID = DAF0585929873B0C00FDBBA1;
					};
				};
			};
			buildConfigurationList = DAF0585529873B0C00FDBBA1 /* Build configuration list for PBXProject "Zee" */;
			compatibilityVersion = "Xcode 14.0";
			developmentRegion = en;
			hasScannedForEncodings = 0;
			knownRegions = (
				en,
				Base,
			);
			mainGroup = DAF0585129873B0C00FDBBA1;
			productRefGroup = DAF0585B29873B0C00FDBBA1 /* Products */;
			projectDirPath = "";
			projectRoot = "";
			targets = (
				DAF0585929873B0C00FDBBA1 /* Zee */,
				DAF0586F29873B0C00FDBBA1 /* ZeeTests */,
				DAF0587929873B0C00FDBBA1 /* ZeeUITests */,
			);
		};
/* End PBXProject section */

/* Begin PBXResourcesBuildPhase section */
		DAF0585829873B0C00FDBBA1 /* Resources */ = {
			isa = PBXResourcesBuildPhase;
			buildActionMask = 2147483647;
			files = (
				DAF0586A29873B0C00FDBBA1 /* LaunchScreen.storyboard in Resources */,
				DAF0586729873B0C00FDBBA1 /* Assets.xcassets in Resources */,
				DAF0586529873B0C00FDBBA1 /* Main.storyboard in Resources */,
			);
			runOnlyForDeploymentPostprocessing = 0;
		};
		DAF0586E29873B0C00FDBBA1 /* Resources */ = {
			isa = PBXResourcesBuildPhase;
			buildActionMask = 2147483647;
			files = (
			);
			runOnlyForDeploymentPostprocessing = 0;
		};
		DAF0587829873B0C00FDBBA1 /* Resources */ = {
			isa = PBXResourcesBuildPhase;
			buildActionMask = 2147483647;
			files = (
			);
			runOnlyForDeploymentPostprocessing = 0;
		};
/* End PBXResourcesBuildPhase section */

/* Begin PBXSourcesBuildPhase section */
		DAF0585629873B0C00FDBBA1 /* Sources */ = {
			isa = PBXSourcesBuildPhase;
			buildActionMask = 2147483647;
			files = (
				DAF0586229873B0C00FDBBA1 /* ViewController.swift in Sources */,
				DAF0585E29873B0C00FDBBA1 /* AppDelegate.swift in Sources */,
				DAF0586029873B0C00FDBBA1 /* SceneDelegate.swift in Sources */,
			);
			runOnlyForDeploymentPostprocessing = 0;
		};
		DAF0586C29873B0C00FDBBA1 /* Sources */ = {
			isa = PBXSourcesBuildPhase;
			buildActionMask = 2147483647;
			files = (
				DAF0587529873B0C00FDBBA1 /* ZeeTests.swift in Sources */,
			);
			runOnlyForDeploymentPostprocessing = 0;
		};
		DAF0587629873B0C00FDBBA1 /* Sources */ = {
			isa = PBXSourcesBuildPhase;
			buildActionMask = 2147483647;
			files = (
				DAF0587F29873B0C00FDBBA1 /* ZeeUITests.swift in Sources */,
				DAF0588129873B0C00FDBBA1 /* ZeeUITestsLaunchTests.swift in Sources */,
			);
			runOnlyForDeploymentPostprocessing = 0;
		};
/* End PBXSourcesBuildPhase section */

/* Begin PBXTargetDependency section */
		DAF0587229873B0C00FDBBA1 /* PBXTargetDependency */ = {
			isa = PBXTargetDependency;
			target = DAF0585929873B0C00FDBBA1 /* Zee */;
			targetProxy = DAF0587129873B0C00FDBBA1 /* PBXContainerItemProxy */;
		};
		DAF0587C29873B0C00FDBBA1 /* PBXTargetDependency */ = {
			isa = PBXTargetDependency;
			target = DAF0585929873B0C00FDBBA1 /* Zee */;
			targetProxy = DAF0587B29873B0C00FDBBA1 /* PBXContainerItemProxy */;
		};
/* End PBXTargetDependency section */

/* Begin PBXVariantGroup section */
		DAF0586329873B0C00FDBBA1 /* Main.storyboard */ = {
			isa = PBXVariantGroup;
			children = (
				DAF0586429873B0C00FDBBA1 /* Base */,
			);
			name = Main.storyboard;
			sourceTree = "<group>";
		};
		DAF0586829873B0C00FDBBA1 /* LaunchScreen.storyboard */ = {
			isa = PBXVariantGroup;
			children = (
				DAF0586929873B0C00FDBBA1 /* Base */,
			);
			name = LaunchScreen.storyboard;
			sourceTree = "<group>";
		};
/* End PBXVariantGroup section */

/* Begin XCBuildConfiguration section */
		DAF0588229873B0C00FDBBA1 /* Debug */ = {
			isa = XCBuildConfiguration;
			buildSettings = {
				ALWAYS_SEARCH_USER_PATHS = NO;
				CLANG_ANALYZER_NONNULL = YES;
				CLANG_ANALYZER_NUMBER_OBJECT_CONVERSION = YES_AGGRESSIVE;
				CLANG_CXX_LANGUAGE_STANDARD = "gnu++20";
				CLANG_ENABLE_MODULES = YES;
				CLANG_ENABLE_OBJC_ARC = YES;
				CLANG_ENABLE_OBJC_WEAK = YES;
				CLANG_WARN_BLOCK_CAPTURE_AUTORELEASING = YES;
				CLANG_WARN_BOOL_CONVERSION = YES;
				CLANG_WARN_COMMA = YES;
				CLANG_WARN_CONSTANT_CONVERSION = YES;
				CLANG_WARN_DEPRECATED_OBJC_IMPLEMENTATIONS = YES;
				CLANG_WARN_DIRECT_OBJC_ISA_USAGE = YES_ERROR;
				CLANG_WARN_DOCUMENTATION_COMMENTS = YES;
				CLANG_WARN_EMPTY_BODY = YES;
				CLANG_WARN_ENUM_CONVERSION = YES;
				CLANG_WARN_INFINITE_RECURSION = YES;
				CLANG_WARN_INT_CONVERSION = YES;
				CLANG_WARN_NON_LITERAL_NULL_CONVERSION = YES;
				CLANG_WARN_OBJC_IMPLICIT_RETAIN_SELF = YES;
				CLANG_WARN_OBJC_LITERAL_CONVERSION = YES;
				CLANG_WARN_OBJC_ROOT_CLASS = YES_ERROR;
				CLANG_WARN_QUOTED_INCLUDE_IN_FRAMEWORK_HEADER = YES;
				CLANG_WARN_RANGE_LOOP_ANALYSIS = YES;
				CLANG_WARN_STRICT_PROTOTYPES = YES;
				CLANG_WARN_SUSPICIOUS_MOVE = YES;
				CLANG_WARN_UNGUARDED_AVAILABILITY = YES_AGGRESSIVE;
				CLANG_WARN_UNREACHABLE_CODE = YES;
				CLANG_WARN__DUPLICATE_METHOD_MATCH = YES;
				COPY_PHASE_STRIP = NO;
				DEBUG_INFORMATION_FORMAT = dwarf;
				ENABLE_STRICT_OBJC_MSGSEND = YES;
				ENABLE_TESTABILITY = YES;
				GCC_C_LANGUAGE_STANDARD = gnu11;
				GCC_DYNAMIC_NO_PIC = NO;
				GCC_NO_COMMON_BLOCKS = YES;
				GCC_OPTIMIZATION_LEVEL = 0;
				GCC_PREPROCESSOR_DEFINITIONS = (
					"DEBUG=1",
					"$(inherited)",
				);
				GCC_WARN_64_TO_32_BIT_CONVERSION = YES;
				GCC_WARN_ABOUT_RETURN_TYPE = YES_ERROR;
				GCC_WARN_UNDECLARED_SELECTOR = YES;
				GCC_WARN_UNINITIALIZED_AUTOS = YES_AGGRESSIVE;
				GCC_WARN_UNUSED_FUNCTION = YES;
				GCC_WARN_UNUSED_VARIABLE = YES;
				IPHONEOS_DEPLOYMENT_TARGET = 16.2;
				MTL_ENABLE_DEBUG_INFO = INCLUDE_SOURCE;
				MTL_FAST_MATH = YES;
				ONLY_ACTIVE_ARCH = YES;
				SDKROOT = iphoneos;
				SWIFT_ACTIVE_COMPILATION_CONDITIONS = DEBUG;
				SWIFT_OPTIMIZATION_LEVEL = "-Onone";
			};
			name = Debug;
		};
		DAF0588329873B0C00FDBBA1 /* Release */ = {
			isa = XCBuildConfiguration;
			buildSettings = {
				ALWAYS_SEARCH_USER_PATHS = NO;
				CLANG_ANALYZER_NONNULL = YES;
				CLANG_ANALYZER_NUMBER_OBJECT_CONVERSION = YES_AGGRESSIVE;
				CLANG_CXX_LANGUAGE_STANDARD = "gnu++20";
				CLANG_ENABLE_MODULES = YES;
				CLANG_ENABLE_OBJC_ARC = YES;
				CLANG_ENABLE_OBJC_WEAK = YES;
				CLANG_WARN_BLOCK_CAPTURE_AUTORELEASING = YES;
				CLANG_WARN_BOOL_CONVERSION = YES;
				CLANG_WARN_COMMA = YES;
				CLANG_WARN_CONSTANT_CONVERSION = YES;
				CLANG_WARN_DEPRECATED_OBJC_IMPLEMENTATIONS = YES;
				CLANG_WARN_DIRECT_OBJC_ISA_USAGE = YES_ERROR;
				CLANG_WARN_DOCUMENTATION_COMMENTS = YES;
				CLANG_WARN_EMPTY_BODY = YES;
				CLANG_WARN_ENUM_CONVERSION = YES;
				CLANG_WARN_INFINITE_RECURSION = YES;
				CLANG_WARN_INT_CONVERSION = YES;
				CLANG_WARN_NON_LITERAL_NULL_CONVERSION = YES;
				CLANG_WARN_OBJC_IMPLICIT_RETAIN_SELF = YES;
				CLANG_WARN_OBJC_LITERAL_CONVERSION = YES;
				CLANG_WARN_OBJC_ROOT_CLASS = YES_ERROR;
				CLANG_WARN_QUOTED_INCLUDE_IN_FRAMEWORK_HEADER = YES;
				CLANG_WARN_RANGE_LOOP_ANALYSIS = YES;
				CLANG_WARN_STRICT_PROTOTYPES = YES;
				CLANG_WARN_SUSPICIOUS_MOVE = YES;
				CLANG_WARN_UNGUARDED_AVAILABILITY = YES_AGGRESSIVE;
				CLANG_WARN_UNREACHABLE_CODE = YES;
				CLANG_WARN__DUPLICATE_METHOD_MATCH = YES;
				COPY_PHASE_STRIP = NO;
				DEBUG_INFORMATION_FORMAT = "dwarf-with-dsym";
				ENABLE_NS_ASSERTIONS = NO;
				ENABLE_STRICT_OBJC_MSGSEND = YES;
				GCC_C_LANGUAGE_STANDARD = gnu11;
				GCC_NO_COMMON_BLOCKS = YES;
				GCC_WARN_64_TO_32_BIT_CONVERSION = YES;
				GCC_WARN_ABOUT_RETURN_TYPE = YES_ERROR;
				GCC_WARN_UNDECLARED_SELECTOR = YES;
				GCC_WARN_UNINITIALIZED_AUTOS = YES_AGGRESSIVE;
				GCC_WARN_UNUSED_FUNCTION = YES;
				GCC_WARN_UNUSED_VARIABLE = YES;
				IPHONEOS_DEPLOYMENT_TARGET = 16.2;
				MTL_ENABLE_DEBUG_INFO = NO;
				MTL_FAST_MATH = YES;
				SDKROOT = iphoneos;
				SWIFT_COMPILATION_MODE = wholemodule;
				SWIFT_OPTIMIZATION_LEVEL = "-O";
				VALIDATE_PRODUCT = YES;
			};
			name = Release;
		};
		DAF0588529873B0C00FDBBA1 /* Debug */ = {
			isa = XCBuildConfiguration;
			buildSettings = {
				ASSETCATALOG_COMPILER_APPICON_NAME = AppIcon;
				ASSETCATALOG_COMPILER_GLOBAL_ACCENT_COLOR_NAME = AccentColor;
				CODE_SIGN_STYLE = Automatic;
				CURRENT_PROJECT_VERSION = 1;
				DEVELOPMENT_TEAM = MK6VWXGP45;
				GENERATE_INFOPLIST_FILE = YES;
				INFOPLIST_FILE = Zee/Info.plist;
				INFOPLIST_KEY_UIApplicationSupportsIndirectInputEvents = YES;
				INFOPLIST_KEY_UILaunchStoryboardName = LaunchScreen;
				INFOPLIST_KEY_UIMainStoryboardFile = Main;
				INFOPLIST_KEY_UISupportedInterfaceOrientations_iPad = "UIInterfaceOrientationPortrait UIInterfaceOrientationPortraitUpsideDown UIInterfaceOrientationLandscapeLeft UIInterfaceOrientationLandscapeRight";
				INFOPLIST_KEY_UISupportedInterfaceOrientations_iPhone = "UIInterfaceOrientationPortrait UIInterfaceOrientationLandscapeLeft UIInterfaceOrientationLandscapeRight";
				LD_RUNPATH_SEARCH_PATHS = (
					"$(inherited)",
					"@executable_path/Frameworks",
				);
				MARKETING_VERSION = 1.0;
				PRODUCT_BUNDLE_IDENTIFIER = com.yuri.Zee;
				PRODUCT_NAME = "$(TARGET_NAME)";
				SWIFT_EMIT_LOC_STRINGS = YES;
				SWIFT_VERSION = 5.0;
				TARGETED_DEVICE_FAMILY = "1,2";
			};
			name = Debug;
		};
		DAF0588629873B0C00FDBBA1 /* Release */ = {
			isa = XCBuildConfiguration;
			buildSettings = {
				ASSETCATALOG_COMPILER_APPICON_NAME = AppIcon;
				ASSETCATALOG_COMPILER_GLOBAL_ACCENT_COLOR_NAME = AccentColor;
				CODE_SIGN_STYLE = Automatic;
				CURRENT_PROJECT_VERSION = 1;
				DEVELOPMENT_TEAM = MK6VWXGP45;
				GENERATE_INFOPLIST_FILE = YES;
				INFOPLIST_FILE = Zee/Info.plist;
				INFOPLIST_KEY_UIApplicationSupportsIndirectInputEvents = YES;
				INFOPLIST_KEY_UILaunchStoryboardName = LaunchScreen;
				INFOPLIST_KEY_UIMainStoryboardFile = Main;
				INFOPLIST_KEY_UISupportedInterfaceOrientations_iPad = "UIInterfaceOrientationPortrait UIInterfaceOrientationPortraitUpsideDown UIInterfaceOrientationLandscapeLeft UIInterfaceOrientationLandscapeRight";
				INFOPLIST_KEY_UISupportedInterfaceOrientations_iPhone = "UIInterfaceOrientationPortrait UIInterfaceOrientationLandscapeLeft UIInterfaceOrientationLandscapeRight";
				LD_RUNPATH_SEARCH_PATHS = (
					"$(inherited)",
					"@executable_path/Frameworks",
				);
				MARKETING_VERSION = 1.0;
				PRODUCT_BUNDLE_IDENTIFIER = com.yuri.Zee;
				PRODUCT_NAME = "$(TARGET_NAME)";
				SWIFT_EMIT_LOC_STRINGS = YES;
				SWIFT_VERSION = 5.0;
				TARGETED_DEVICE_FAMILY = "1,2";
			};
			name = Release;
		};
		DAF0588829873B0C00FDBBA1 /* Debug */ = {
			isa = XCBuildConfiguration;
			buildSettings = {
				ALWAYS_EMBED_SWIFT_STANDARD_LIBRARIES = YES;
				BUNDLE_LOADER = "$(TEST_HOST)";
				CODE_SIGN_STYLE = Automatic;
				CURRENT_PROJECT_VERSION = 1;
				DEVELOPMENT_TEAM = MK6VWXGP45;
				GENERATE_INFOPLIST_FILE = YES;
				IPHONEOS_DEPLOYMENT_TARGET = 16.2;
				MARKETING_VERSION = 1.0;
				PRODUCT_BUNDLE_IDENTIFIER = com.yuri.ZeeTests;
				PRODUCT_NAME = "$(TARGET_NAME)";
				SWIFT_EMIT_LOC_STRINGS = NO;
				SWIFT_VERSION = 5.0;
				TARGETED_DEVICE_FAMILY = "1,2";
				TEST_HOST = "$(BUILT_PRODUCTS_DIR)/Zee.app/$(BUNDLE_EXECUTABLE_FOLDER_PATH)/Zee";
			};
			name = Debug;
		};
		DAF0588929873B0C00FDBBA1 /* Release */ = {
			isa = XCBuildConfiguration;
			buildSettings = {
				ALWAYS_EMBED_SWIFT_STANDARD_LIBRARIES = YES;
				BUNDLE_LOADER = "$(TEST_HOST)";
				CODE_SIGN_STYLE = Automatic;
				CURRENT_PROJECT_VERSION = 1;
				DEVELOPMENT_TEAM = MK6VWXGP45;
				GENERATE_INFOPLIST_FILE = YES;
				IPHONEOS_DEPLOYMENT_TARGET = 16.2;
				MARKETING_VERSION = 1.0;
				PRODUCT_BUNDLE_IDENTIFIER = com.yuri.ZeeTests;
				PRODUCT_NAME = "$(TARGET_NAME)";
				SWIFT_EMIT_LOC_STRINGS = NO;
				SWIFT_VERSION = 5.0;
				TARGETED_DEVICE_FAMILY = "1,2";
				TEST_HOST = "$(BUILT_PRODUCTS_DIR)/Zee.app/$(BUNDLE_EXECUTABLE_FOLDER_PATH)/Zee";
			};
			name = Release;
		};
		DAF0588B29873B0C00FDBBA1 /* Debug */ = {
			isa = XCBuildConfiguration;
			buildSettings = {
				ALWAYS_EMBED_SWIFT_STANDARD_LIBRARIES = YES;
				CODE_SIGN_STYLE = Automatic;
				CURRENT_PROJECT_VERSION = 1;
				DEVELOPMENT_TEAM = MK6VWXGP45;
				GENERATE_INFOPLIST_FILE = YES;
				MARKETING_VERSION = 1.0;
				PRODUCT_BUNDLE_IDENTIFIER = com.yuri.ZeeUITests;
				PRODUCT_NAME = "$(TARGET_NAME)";
				SWIFT_EMIT_LOC_STRINGS = NO;
				SWIFT_VERSION = 5.0;
				TARGETED_DEVICE_FAMILY = "1,2";
				TEST_TARGET_NAME = Zee;
			};
			name = Debug;
		};
		DAF0588C29873B0C00FDBBA1 /* Release */ = {
			isa = XCBuildConfiguration;
			buildSettings = {
				ALWAYS_EMBED_SWIFT_STANDARD_LIBRARIES = YES;
				CODE_SIGN_STYLE = Automatic;
				CURRENT_PROJECT_VERSION = 1;
				DEVELOPMENT_TEAM = MK6VWXGP45;
				GENERATE_INFOPLIST_FILE = YES;
				MARKETING_VERSION = 1.0;
				PRODUCT_BUNDLE_IDENTIFIER = com.yuri.ZeeUITests;
				PRODUCT_NAME = "$(TARGET_NAME)";
				SWIFT_EMIT_LOC_STRINGS = NO;
				SWIFT_VERSION = 5.0;
				TARGETED_DEVICE_FAMILY = "1,2";
				TEST_TARGET_NAME = Zee;
			};
			name = Release;
		};
/* End XCBuildConfiguration section */

/* Begin XCConfigurationList section */
		DAF0585529873B0C00FDBBA1 /* Build configuration list for PBXProject "Zee" */ = {
			isa = XCConfigurationList;
			buildConfigurations = (
				DAF0588229873B0C00FDBBA1 /* Debug */,
				DAF0588329873B0C00FDBBA1 /* Release */,
			);
			defaultConfigurationIsVisible = 0;
			defaultConfigurationName = Release;
		};
		DAF0588429873B0C00FDBBA1 /* Build configuration list for PBXNativeTarget "Zee" */ = {
			isa = XCConfigurationList;
			buildConfigurations = (
				DAF0588529873B0C00FDBBA1 /* Debug */,
				DAF0588629873B0C00FDBBA1 /* Release */,
			);
			defaultConfigurationIsVisible = 0;
			defaultConfigurationName = Release;
		};
		DAF0588729873B0C00FDBBA1 /* Build configuration list for PBXNativeTarget "ZeeTests" */ = {
			isa = XCConfigurationList;
			buildConfigurations = (
				DAF0588829873B0C00FDBBA1 /* Debug */,
				DAF0588929873B0C00FDBBA1 /* Release */,
			);
			defaultConfigurationIsVisible = 0;
			defaultConfigurationName = Release;
		};
		DAF0588A29873B0C00FDBBA1 /* Build configuration list for PBXNativeTarget "ZeeUITests" */ = {
			isa = XCConfigurationList;
			buildConfigurations = (
				DAF0588B29873B0C00FDBBA1 /* Debug */,
				DAF0588C29873B0C00FDBBA1 /* Release */,
			);
			defaultConfigurationIsVisible = 0;
			defaultConfigurationName = Release;
		};
/* End XCConfigurationList section */
	};
	rootObject = DAF0585229873B0C00FDBBA1 /* Project object */;
}
